
Microsoft Visual Studio Solution File, Format Version 12.00
# Visual Studio 2013
VisualStudioVersion = 12.0.40629.0
MinimumVisualStudioVersion = 10.0.40219.1
Project("{FAE04EC0-301F-11D3-BF4B-00C04F79EFBC}") = "SuperSimpleStocks", "SuperSimpleStocks\SuperSimpleStocks.csproj", "{496EE08E-1574-4731-9BA6-22DFD92F1E8D}"
EndProject
Project("{FAE04EC0-301F-11D3-BF4B-00C04F79EFBC}") = "SuperSimpleStocks.Tests", "SuperSimpleStocks.Tests\SuperSimpleStocks.Tests.csproj", "{BC854343-F695-4ABD-B2D4-209E6B4E7FDD}"
EndProject
Global
	GlobalSection(SolutionConfigurationPlatforms) = preSolution
		Debug|Any CPU = Debug|Any CPU
		Release|Any CPU = Release|Any CPU
	EndGlobalSection
	GlobalSection(ProjectConfigurationPlatforms) = postSolution
		{496EE08E-1574-4731-9BA6-22DFD92F1E8D}.Debug|Any CPU.ActiveCfg = Debug|Any CPU
		{496EE08E-1574-4731-9BA6-22DFD92F1E8D}.Debug|Any CPU.Build.0 = Debug|Any CPU
		{496EE08E-1574-4731-9BA6-22DFD92F1E8D}.Release|Any CPU.ActiveCfg = Release|Any CPU
		{496EE08E-1574-4731-9BA6-22DFD92F1E8D}.Release|Any CPU.Build.0 = Release|Any CPU
		{BC854343-F695-4ABD-B2D4-209E6B4E7FDD}.Debug|Any CPU.ActiveCfg = Debug|Any CPU
		{BC854343-F695-4ABD-B2D4-209E6B4E7FDD}.Debug|Any CPU.Build.0 = Debug|Any CPU
		{BC854343-F695-4ABD-B2D4-209E6B4E7FDD}.Release|Any CPU.ActiveCfg = Release|Any CPU
		{BC854343-F695-4ABD-B2D4-209E6B4E7FDD}.Release|Any CPU.Build.0 = Release|Any CPU
	EndGlobalSection
	GlobalSection(SolutionProperties) = preSolution
		HideSolutionNode = FALSE
	EndGlobalSection
EndGlobal
